
Microsoft Visual Studio Solution File, Format Version 12.00
# Visual Studio Version 16
VisualStudioVersion = 16.0.29806.167
MinimumVisualStudioVersion = 10.0.40219.1
Project("{9A19103F-16F7-4668-BE54-9A1E7A4F7556}") = "Chess.Lib", "Chess.Lib\Chess.Lib.csproj", "{C01ED055-1C27-47DB-8E87-8DC3B0FC1D79}"
EndProject
Project("{9A19103F-16F7-4668-BE54-9A1E7A4F7556}") = "Chess.AI", "Chess.AI\Chess.AI.csproj", "{303B1807-4282-49D2-B679-A4D376334A36}"
EndProject
Project("{9A19103F-16F7-4668-BE54-9A1E7A4F7556}") = "Chess.UnitTest", "Chess.UnitTest\Chess.UnitTest.csproj", "{32D3C517-54F6-4C71-A811-067A76188A3A}"
EndProject
Project("{9A19103F-16F7-4668-BE54-9A1E7A4F7556}") = "Chess.WebApi.Server", "Chess.WebApi.Server\Chess.WebApi.Server.csproj", "{B418771F-05A1-43B2-BD7F-D1E69C1A5F50}"
EndProject
Project("{9A19103F-16F7-4668-BE54-9A1E7A4F7556}") = "Chess.WebApi.Server.Interface", "Chess.WebApi.Server.Interface\Chess.WebApi.Server.Interface.csproj", "{90013EFF-622E-48EB-8E55-7DEBE718C882}"
EndProject
Global
	GlobalSection(SolutionConfigurationPlatforms) = preSolution
		Debug|Any CPU = Debug|Any CPU
		Release|Any CPU = Release|Any CPU
	EndGlobalSection
	GlobalSection(ProjectConfigurationPlatforms) = postSolution
		{C01ED055-1C27-47DB-8E87-8DC3B0FC1D79}.Debug|Any CPU.ActiveCfg = Debug|Any CPU
		{C01ED055-1C27-47DB-8E87-8DC3B0FC1D79}.Debug|Any CPU.Build.0 = Debug|Any CPU
		{C01ED055-1C27-47DB-8E87-8DC3B0FC1D79}.Release|Any CPU.ActiveCfg = Release|Any CPU
		{C01ED055-1C27-47DB-8E87-8DC3B0FC1D79}.Release|Any CPU.Build.0 = Release|Any CPU
		{303B1807-4282-49D2-B679-A4D376334A36}.Debug|Any CPU.ActiveCfg = Debug|Any CPU
		{303B1807-4282-49D2-B679-A4D376334A36}.Debug|Any CPU.Build.0 = Debug|Any CPU
		{303B1807-4282-49D2-B679-A4D376334A36}.Release|Any CPU.ActiveCfg = Release|Any CPU
		{303B1807-4282-49D2-B679-A4D376334A36}.Release|Any CPU.Build.0 = Release|Any CPU
		{32D3C517-54F6-4C71-A811-067A76188A3A}.Debug|Any CPU.ActiveCfg = Debug|Any CPU
		{32D3C517-54F6-4C71-A811-067A76188A3A}.Debug|Any CPU.Build.0 = Debug|Any CPU
		{32D3C517-54F6-4C71-A811-067A76188A3A}.Release|Any CPU.ActiveCfg = Release|Any CPU
		{32D3C517-54F6-4C71-A811-067A76188A3A}.Release|Any CPU.Build.0 = Release|Any CPU
		{B418771F-05A1-43B2-BD7F-D1E69C1A5F50}.Debug|Any CPU.ActiveCfg = Debug|Any CPU
		{B418771F-05A1-43B2-BD7F-D1E69C1A5F50}.Debug|Any CPU.Build.0 = Debug|Any CPU
		{B418771F-05A1-43B2-BD7F-D1E69C1A5F50}.Release|Any CPU.ActiveCfg = Release|Any CPU
		{B418771F-05A1-43B2-BD7F-D1E69C1A5F50}.Release|Any CPU.Build.0 = Release|Any CPU
		{90013EFF-622E-48EB-8E55-7DEBE718C882}.Debug|Any CPU.ActiveCfg = Debug|Any CPU
		{90013EFF-622E-48EB-8E55-7DEBE718C882}.Debug|Any CPU.Build.0 = Debug|Any CPU
		{90013EFF-622E-48EB-8E55-7DEBE718C882}.Release|Any CPU.ActiveCfg = Release|Any CPU
		{90013EFF-622E-48EB-8E55-7DEBE718C882}.Release|Any CPU.Build.0 = Release|Any CPU
	EndGlobalSection
	GlobalSection(SolutionProperties) = preSolution
		HideSolutionNode = FALSE
	EndGlobalSection
	GlobalSection(ExtensibilityGlobals) = postSolution
		SolutionGuid = {DAC59912-9F0B-4BD7-AD4C-D47AA77A7657}
	EndGlobalSection
EndGlobal
