
Microsoft Visual Studio Solution File, Format Version 12.00
# Visual Studio 15
VisualStudioVersion = 15.0.28010.2026
MinimumVisualStudioVersion = 10.0.40219.1
Project("{9A19103F-16F7-4668-BE54-9A1E7A4F7556}") = "Chess.Lib", "Chess.Lib\Chess.Lib.csproj", "{E9CF1C53-37A2-4544-A9EC-8DC698B3EE42}"
EndProject
Project("{9A19103F-16F7-4668-BE54-9A1E7A4F7556}") = "Chess.AI", "Chess.AI\Chess.AI.csproj", "{CE977CCD-4E71-4562-ABCA-DD5374C6B3CC}"
EndProject
Project("{9A19103F-16F7-4668-BE54-9A1E7A4F7556}") = "Chess.WebApi.Server", "Chess.WebApi.Server\Chess.WebApi.Server.csproj", "{BD17F114-7C24-4C5F-8C78-284B1E8DF522}"
EndProject
Project("{9A19103F-16F7-4668-BE54-9A1E7A4F7556}") = "Chess.CLI", "Chess.CLI\Chess.CLI.csproj", "{7BA43F43-9B8A-4DB9-9081-063ABF64230B}"
EndProject
Project("{9A19103F-16F7-4668-BE54-9A1E7A4F7556}") = "Chess.UnitTest", "Chess.UnitTest\Chess.UnitTest.csproj", "{12644BCA-1E89-4CF8-ADD1-764DEFFF2548}"
EndProject
Project("{7CF6DF6D-3B04-46F8-A40B-537D21BCA0B4}") = "Chess.Doku", "Chess.Doku\Chess.Doku.shfbproj", "{532CBA3C-4A6F-4D43-8EEC-8AEA09E31035}"
	ProjectSection(ProjectDependencies) = postProject
		{BD17F114-7C24-4C5F-8C78-284B1E8DF522} = {BD17F114-7C24-4C5F-8C78-284B1E8DF522}
		{7BA43F43-9B8A-4DB9-9081-063ABF64230B} = {7BA43F43-9B8A-4DB9-9081-063ABF64230B}
		{E9CF1C53-37A2-4544-A9EC-8DC698B3EE42} = {E9CF1C53-37A2-4544-A9EC-8DC698B3EE42}
		{3EBB7B76-D9BB-4B32-A23E-3C8DCB887314} = {3EBB7B76-D9BB-4B32-A23E-3C8DCB887314}
		{8EE357BB-1D70-4263-99B1-A351B8256C77} = {8EE357BB-1D70-4263-99B1-A351B8256C77}
		{12644BCA-1E89-4CF8-ADD1-764DEFFF2548} = {12644BCA-1E89-4CF8-ADD1-764DEFFF2548}
		{CE977CCD-4E71-4562-ABCA-DD5374C6B3CC} = {CE977CCD-4E71-4562-ABCA-DD5374C6B3CC}
	EndProjectSection
EndProject
Project("{9A19103F-16F7-4668-BE54-9A1E7A4F7556}") = "Chess.WebApi.Client", "Chess.WebApi.Client\Chess.WebApi.Client.csproj", "{3EBB7B76-D9BB-4B32-A23E-3C8DCB887314}"
EndProject
Project("{9A19103F-16F7-4668-BE54-9A1E7A4F7556}") = "Chess.WebApi.Server.Interface", "Chess.WebApi.Server.Interface\Chess.WebApi.Server.Interface.csproj", "{8EE357BB-1D70-4263-99B1-A351B8256C77}"
EndProject
Global
	GlobalSection(SolutionConfigurationPlatforms) = preSolution
		Debug|Any CPU = Debug|Any CPU
		Release|Any CPU = Release|Any CPU
	EndGlobalSection
	GlobalSection(ProjectConfigurationPlatforms) = postSolution
		{E9CF1C53-37A2-4544-A9EC-8DC698B3EE42}.Debug|Any CPU.ActiveCfg = Debug|Any CPU
		{E9CF1C53-37A2-4544-A9EC-8DC698B3EE42}.Debug|Any CPU.Build.0 = Debug|Any CPU
		{E9CF1C53-37A2-4544-A9EC-8DC698B3EE42}.Release|Any CPU.ActiveCfg = Release|Any CPU
		{E9CF1C53-37A2-4544-A9EC-8DC698B3EE42}.Release|Any CPU.Build.0 = Release|Any CPU
		{CE977CCD-4E71-4562-ABCA-DD5374C6B3CC}.Debug|Any CPU.ActiveCfg = Debug|Any CPU
		{CE977CCD-4E71-4562-ABCA-DD5374C6B3CC}.Debug|Any CPU.Build.0 = Debug|Any CPU
		{CE977CCD-4E71-4562-ABCA-DD5374C6B3CC}.Release|Any CPU.ActiveCfg = Release|Any CPU
		{CE977CCD-4E71-4562-ABCA-DD5374C6B3CC}.Release|Any CPU.Build.0 = Release|Any CPU
		{BD17F114-7C24-4C5F-8C78-284B1E8DF522}.Debug|Any CPU.ActiveCfg = Debug|Any CPU
		{BD17F114-7C24-4C5F-8C78-284B1E8DF522}.Debug|Any CPU.Build.0 = Debug|Any CPU
		{BD17F114-7C24-4C5F-8C78-284B1E8DF522}.Release|Any CPU.ActiveCfg = Release|Any CPU
		{BD17F114-7C24-4C5F-8C78-284B1E8DF522}.Release|Any CPU.Build.0 = Release|Any CPU
		{7BA43F43-9B8A-4DB9-9081-063ABF64230B}.Debug|Any CPU.ActiveCfg = Debug|Any CPU
		{7BA43F43-9B8A-4DB9-9081-063ABF64230B}.Debug|Any CPU.Build.0 = Debug|Any CPU
		{7BA43F43-9B8A-4DB9-9081-063ABF64230B}.Release|Any CPU.ActiveCfg = Release|Any CPU
		{7BA43F43-9B8A-4DB9-9081-063ABF64230B}.Release|Any CPU.Build.0 = Release|Any CPU
		{12644BCA-1E89-4CF8-ADD1-764DEFFF2548}.Debug|Any CPU.ActiveCfg = Debug|Any CPU
		{12644BCA-1E89-4CF8-ADD1-764DEFFF2548}.Debug|Any CPU.Build.0 = Debug|Any CPU
		{12644BCA-1E89-4CF8-ADD1-764DEFFF2548}.Release|Any CPU.ActiveCfg = Release|Any CPU
		{12644BCA-1E89-4CF8-ADD1-764DEFFF2548}.Release|Any CPU.Build.0 = Release|Any CPU
		{532CBA3C-4A6F-4D43-8EEC-8AEA09E31035}.Debug|Any CPU.ActiveCfg = Debug|Any CPU
		{532CBA3C-4A6F-4D43-8EEC-8AEA09E31035}.Release|Any CPU.ActiveCfg = Release|Any CPU
		{3EBB7B76-D9BB-4B32-A23E-3C8DCB887314}.Debug|Any CPU.ActiveCfg = Debug|Any CPU
		{3EBB7B76-D9BB-4B32-A23E-3C8DCB887314}.Debug|Any CPU.Build.0 = Debug|Any CPU
		{3EBB7B76-D9BB-4B32-A23E-3C8DCB887314}.Release|Any CPU.ActiveCfg = Release|Any CPU
		{3EBB7B76-D9BB-4B32-A23E-3C8DCB887314}.Release|Any CPU.Build.0 = Release|Any CPU
		{8EE357BB-1D70-4263-99B1-A351B8256C77}.Debug|Any CPU.ActiveCfg = Debug|Any CPU
		{8EE357BB-1D70-4263-99B1-A351B8256C77}.Debug|Any CPU.Build.0 = Debug|Any CPU
		{8EE357BB-1D70-4263-99B1-A351B8256C77}.Release|Any CPU.ActiveCfg = Release|Any CPU
		{8EE357BB-1D70-4263-99B1-A351B8256C77}.Release|Any CPU.Build.0 = Release|Any CPU
	EndGlobalSection
	GlobalSection(SolutionProperties) = preSolution
		HideSolutionNode = FALSE
	EndGlobalSection
	GlobalSection(ExtensibilityGlobals) = postSolution
		SolutionGuid = {432FAB89-1DF3-4D17-800B-12C1CFAB3D62}
	EndGlobalSection
	GlobalSection(Performance) = preSolution
		HasPerformanceSessions = true
	EndGlobalSection
EndGlobal
